// !$*UTF8*$!
{
	archiveVersion = 1;
	classes = {
	};
	objectVersion = 46;
	objects = {

/* Begin PBXBuildFile section */
		111FE0361A6E72E7007DA85D /* main.m in Sources */ = {isa = PBXBuildFile; fileRef = 111FE0351A6E72E7007DA85D /* main.m */; };
		111FE0391A6E72E7007DA85D /* AppDelegate.m in Sources */ = {isa = PBXBuildFile; fileRef = 111FE0381A6E72E7007DA85D /* AppDelegate.m */; };
		111FE03C1A6E72E7007DA85D /* MasterViewController.m in Sources */ = {isa = PBXBuildFile; fileRef = 111FE03B1A6E72E7007DA85D /* MasterViewController.m */; };
		111FE03F1A6E72E7007DA85D /* DetailViewController.m in Sources */ = {isa = PBXBuildFile; fileRef = 111FE03E1A6E72E7007DA85D /* DetailViewController.m */; };
		111FE0421A6E72E7007DA85D /* Main.storyboard in Resources */ = {isa = PBXBuildFile; fileRef = 111FE0401A6E72E7007DA85D /* Main.storyboard */; };
		111FE0441A6E72E7007DA85D /* Images.xcassets in Resources */ = {isa = PBXBuildFile; fileRef = 111FE0431A6E72E7007DA85D /* Images.xcassets */; };
		111FE0471A6E72E7007DA85D /* LaunchScreen.xib in Resources */ = {isa = PBXBuildFile; fileRef = 111FE0451A6E72E7007DA85D /* LaunchScreen.xib */; };
		111FE0531A6E72E7007DA85D /* Designable_exampleTests.m in Sources */ = {isa = PBXBuildFile; fileRef = 111FE0521A6E72E7007DA85D /* Designable_exampleTests.m */; };
/* End PBXBuildFile section */

/* Begin PBXContainerItemProxy section */
		111FE04D1A6E72E7007DA85D /* PBXContainerItemProxy */ = {
			isa = PBXContainerItemProxy;
			containerPortal = 111FE0281A6E72E7007DA85D /* Project object */;
			proxyType = 1;
			remoteGlobalIDString = 111FE02F1A6E72E7007DA85D;
			remoteInfo = "Designable example";
		};
/* End PBXContainerItemProxy section */

/* Begin PBXFileReference section */
		111FE0301A6E72E7007DA85D /* Designable example.app */ = {isa = PBXFileReference; explicitFileType = wrapper.application; includeInIndex = 0; path = "Designable example.app"; sourceTree = BUILT_PRODUCTS_DIR; };
		111FE0341A6E72E7007DA85D /* Info.plist */ = {isa = PBXFileReference; lastKnownFileType = text.plist.xml; path = Info.plist; sourceTree = "<group>"; };
		111FE0351A6E72E7007DA85D /* main.m */ = {isa = PBXFileReference; lastKnownFileType = sourcecode.c.objc; path = main.m; sourceTree = "<group>"; };
		111FE0371A6E72E7007DA85D /* AppDelegate.h */ = {isa = PBXFileReference; lastKnownFileType = sourcecode.c.h; path = AppDelegate.h; sourceTree = "<group>"; };
		111FE0381A6E72E7007DA85D /* AppDelegate.m */ = {isa = PBXFileReference; lastKnownFileType = sourcecode.c.objc; path = AppDelegate.m; sourceTree = "<group>"; };
		111FE03A1A6E72E7007DA85D /* MasterViewController.h */ = {isa = PBXFileReference; lastKnownFileType = sourcecode.c.h; path = MasterViewController.h; sourceTree = "<group>"; };
		111FE03B1A6E72E7007DA85D /* MasterViewController.m */ = {isa = PBXFileReference; lastKnownFileType = sourcecode.c.objc; path = MasterViewController.m; sourceTree = "<group>"; };
		111FE03D1A6E72E7007DA85D /* DetailViewController.h */ = {isa = PBXFileReference; lastKnownFileType = sourcecode.c.h; path = DetailViewController.h; sourceTree = "<group>"; };
		111FE03E1A6E72E7007DA85D /* DetailViewController.m */ = {isa = PBXFileReference; lastKnownFileType = sourcecode.c.objc; path = DetailViewController.m; sourceTree = "<group>"; };
		111FE0411A6E72E7007DA85D /* Base */ = {isa = PBXFileReference; lastKnownFileType = file.storyboard; name = Base; path = Base.lproj/Main.storyboard; sourceTree = "<group>"; };
		111FE0431A6E72E7007DA85D /* Images.xcassets */ = {isa = PBXFileReference; lastKnownFileType = folder.assetcatalog; path = Images.xcassets; sourceTree = "<group>"; };
		111FE0461A6E72E7007DA85D /* Base */ = {isa = PBXFileReference; lastKnownFileType = file.xib; name = Base; path = Base.lproj/LaunchScreen.xib; sourceTree = "<group>"; };
		111FE04C1A6E72E7007DA85D /* Designable exampleTests.xctest */ = {isa = PBXFileReference; explicitFileType = wrapper.cfbundle; includeInIndex = 0; path = "Designable exampleTests.xctest"; sourceTree = BUILT_PRODUCTS_DIR; };
		111FE0511A6E72E7007DA85D /* Info.plist */ = {isa = PBXFileReference; lastKnownFileType = text.plist.xml; path = Info.plist; sourceTree = "<group>"; };
		111FE0521A6E72E7007DA85D /* Designable_exampleTests.m */ = {isa = PBXFileReference; lastKnownFileType = sourcecode.c.objc; path = Designable_exampleTests.m; sourceTree = "<group>"; };
/* End PBXFileReference section */

/* Begin PBXFrameworksBuildPhase section */
		111FE02D1A6E72E7007DA85D /* Frameworks */ = {
			isa = PBXFrameworksBuildPhase;
			buildActionMask = 2147483647;
			files = (
			);
			runOnlyForDeploymentPostprocessing = 0;
		};
		111FE0491A6E72E7007DA85D /* Frameworks */ = {
			isa = PBXFrameworksBuildPhase;
			buildActionMask = 2147483647;
			files = (
			);
			runOnlyForDeploymentPostprocessing = 0;
		};
/* End PBXFrameworksBuildPhase section */

/* Begin PBXGroup section */
		111FE0271A6E72E7007DA85D = {
			isa = PBXGroup;
			children = (
				111FE0321A6E72E7007DA85D /* Designable example */,
				111FE04F1A6E72E7007DA85D /* Designable exampleTests */,
				111FE0311A6E72E7007DA85D /* Products */,
			);
			sourceTree = "<group>";
		};
		111FE0311A6E72E7007DA85D /* Products */ = {
			isa = PBXGroup;
			children = (
				111FE0301A6E72E7007DA85D /* Designable example.app */,
				111FE04C1A6E72E7007DA85D /* Designable exampleTests.xctest */,
			);
			name = Products;
			sourceTree = "<group>";
		};
		111FE0321A6E72E7007DA85D /* Designable example */ = {
			isa = PBXGroup;
			children = (
				111FE0371A6E72E7007DA85D /* AppDelegate.h */,
				111FE0381A6E72E7007DA85D /* AppDelegate.m */,
				111FE03A1A6E72E7007DA85D /* MasterViewController.h */,
				111FE03B1A6E72E7007DA85D /* MasterViewController.m */,
				111FE03D1A6E72E7007DA85D /* DetailViewController.h */,
				111FE03E1A6E72E7007DA85D /* DetailViewController.m */,
				111FE0401A6E72E7007DA85D /* Main.storyboard */,
				111FE0431A6E72E7007DA85D /* Images.xcassets */,
				111FE0451A6E72E7007DA85D /* LaunchScreen.xib */,
				111FE0331A6E72E7007DA85D /* Supporting Files */,
			);
			path = "Designable example";
			sourceTree = "<group>";
		};
		111FE0331A6E72E7007DA85D /* Supporting Files */ = {
			isa = PBXGroup;
			children = (
				111FE0341A6E72E7007DA85D /* Info.plist */,
				111FE0351A6E72E7007DA85D /* main.m */,
			);
			name = "Supporting Files";
			sourceTree = "<group>";
		};
		111FE04F1A6E72E7007DA85D /* Designable exampleTests */ = {
			isa = PBXGroup;
			children = (
				111FE0521A6E72E7007DA85D /* Designable_exampleTests.m */,
				111FE0501A6E72E7007DA85D /* Supporting Files */,
			);
			path = "Designable exampleTests";
			sourceTree = "<group>";
		};
		111FE0501A6E72E7007DA85D /* Supporting Files */ = {
			isa = PBXGroup;
			children = (
				111FE0511A6E72E7007DA85D /* Info.plist */,
			);
			name = "Supporting Files";
			sourceTree = "<group>";
		};
/* End PBXGroup section */

/* Begin PBXNativeTarget section */
		111FE02F1A6E72E7007DA85D /* Designable example */ = {
			isa = PBXNativeTarget;
			buildConfigurationList = 111FE0561A6E72E7007DA85D /* Build configuration list for PBXNativeTarget "Designable example" */;
			buildPhases = (
				111FE02C1A6E72E7007DA85D /* Sources */,
				111FE02D1A6E72E7007DA85D /* Frameworks */,
				111FE02E1A6E72E7007DA85D /* Resources */,
			);
			buildRules = (
			);
			dependencies = (
			);
			name = "Designable example";
			productName = "Designable example";
			productReference = 111FE0301A6E72E7007DA85D /* Designable example.app */;
			productType = "com.apple.product-type.application";
		};
		111FE04B1A6E72E7007DA85D /* Designable exampleTests */ = {
			isa = PBXNativeTarget;
			buildConfigurationList = 111FE0591A6E72E7007DA85D /* Build configuration list for PBXNativeTarget "Designable exampleTests" */;
			buildPhases = (
				111FE0481A6E72E7007DA85D /* Sources */,
				111FE0491A6E72E7007DA85D /* Frameworks */,
				111FE04A1A6E72E7007DA85D /* Resources */,
			);
			buildRules = (
			);
			dependencies = (
				111FE04E1A6E72E7007DA85D /* PBXTargetDependency */,
			);
			name = "Designable exampleTests";
			productName = "Designable exampleTests";
			productReference = 111FE04C1A6E72E7007DA85D /* Designable exampleTests.xctest */;
			productType = "com.apple.product-type.bundle.unit-test";
		};
/* End PBXNativeTarget section */

/* Begin PBXProject section */
		111FE0281A6E72E7007DA85D /* Project object */ = {
			isa = PBXProject;
			attributes = {
				LastUpgradeCheck = 0610;
				ORGANIZATIONNAME = MKTechnoogies;
				TargetAttributes = {
					111FE02F1A6E72E7007DA85D = {
						CreatedOnToolsVersion = 6.1.1;
					};
					111FE04B1A6E72E7007DA85D = {
						CreatedOnToolsVersion = 6.1.1;
						TestTargetID = 111FE02F1A6E72E7007DA85D;
					};
				};
			};
			buildConfigurationList = 111FE02B1A6E72E7007DA85D /* Build configuration list for PBXProject "Designable example" */;
			compatibilityVersion = "Xcode 3.2";
			developmentRegion = English;
			hasScannedForEncodings = 0;
			knownRegions = (
				en,
				Base,
			);
			mainGroup = 111FE0271A6E72E7007DA85D;
			productRefGroup = 111FE0311A6E72E7007DA85D /* Products */;
			projectDirPath = "";
			projectRoot = "";
			targets = (
				111FE02F1A6E72E7007DA85D /* Designable example */,
				111FE04B1A6E72E7007DA85D /* Designable exampleTests */,
			);
		};
/* End PBXProject section */

/* Begin PBXResourcesBuildPhase section */
		111FE02E1A6E72E7007DA85D /* Resources */ = {
			isa = PBXResourcesBuildPhase;
			buildActionMask = 2147483647;
			files = (
				111FE0421A6E72E7007DA85D /* Main.storyboard in Resources */,
				111FE0471A6E72E7007DA85D /* LaunchScreen.xib in Resources */,
				111FE0441A6E72E7007DA85D /* Images.xcassets in Resources */,
			);
			runOnlyForDeploymentPostprocessing = 0;
		};
		111FE04A1A6E72E7007DA85D /* Resources */ = {
			isa = PBXResourcesBuildPhase;
			buildActionMask = 2147483647;
			files = (
			);
			runOnlyForDeploymentPostprocessing = 0;
		};
/* End PBXResourcesBuildPhase section */

/* Begin PBXSourcesBuildPhase section */
		111FE02C1A6E72E7007DA85D /* Sources */ = {
			isa = PBXSourcesBuildPhase;
			buildActionMask = 2147483647;
			files = (
				111FE0391A6E72E7007DA85D /* AppDelegate.m in Sources */,
				111FE03C1A6E72E7007DA85D /* MasterViewController.m in Sources */,
				111FE0361A6E72E7007DA85D /* main.m in Sources */,
				111FE03F1A6E72E7007DA85D /* DetailViewController.m in Sources */,
			);
			runOnlyForDeploymentPostprocessing = 0;
		};
		111FE0481A6E72E7007DA85D /* Sources */ = {
			isa = PBXSourcesBuildPhase;
			buildActionMask = 2147483647;
			files = (
				111FE0531A6E72E7007DA85D /* Designable_exampleTests.m in Sources */,
			);
			runOnlyForDeploymentPostprocessing = 0;
		};
/* End PBXSourcesBuildPhase section */

/* Begin PBXTargetDependency section */
		111FE04E1A6E72E7007DA85D /* PBXTargetDependency */ = {
			isa = PBXTargetDependency;
			target = 111FE02F1A6E72E7007DA85D /* Designable example */;
			targetProxy = 111FE04D1A6E72E7007DA85D /* PBXContainerItemProxy */;
		};
/* End PBXTargetDependency section */

/* Begin PBXVariantGroup section */
		111FE0401A6E72E7007DA85D /* Main.storyboard */ = {
			isa = PBXVariantGroup;
			children = (
				111FE0411A6E72E7007DA85D /* Base */,
			);
			name = Main.storyboard;
			sourceTree = "<group>";
		};
		111FE0451A6E72E7007DA85D /* LaunchScreen.xib */ = {
			isa = PBXVariantGroup;
			children = (
				111FE0461A6E72E7007DA85D /* Base */,
			);
			name = LaunchScreen.xib;
			sourceTree = "<group>";
		};
/* End PBXVariantGroup section */

/* Begin XCBuildConfiguration section */
		111FE0541A6E72E7007DA85D /* Debug */ = {
			isa = XCBuildConfiguration;
			buildSettings = {
				ALWAYS_SEARCH_USER_PATHS = NO;
				CLANG_CXX_LANGUAGE_STANDARD = "gnu++0x";
				CLANG_CXX_LIBRARY = "libc++";
				CLANG_ENABLE_MODULES = YES;
				CLANG_ENABLE_OBJC_ARC = YES;
				CLANG_WARN_BOOL_CONVERSION = YES;
				CLANG_WARN_CONSTANT_CONVERSION = YES;
				CLANG_WARN_DIRECT_OBJC_ISA_USAGE = YES_ERROR;
				CLANG_WARN_EMPTY_BODY = YES;
				CLANG_WARN_ENUM_CONVERSION = YES;
				CLANG_WARN_INT_CONVERSION = YES;
				CLANG_WARN_OBJC_ROOT_CLASS = YES_ERROR;
				CLANG_WARN_UNREACHABLE_CODE = YES;
				CLANG_WARN__DUPLICATE_METHOD_MATCH = YES;
				"CODE_SIGN_IDENTITY[sdk=iphoneos*]" = "iPhone Developer";
				COPY_PHASE_STRIP = NO;
				ENABLE_STRICT_OBJC_MSGSEND = YES;
				GCC_C_LANGUAGE_STANDARD = gnu99;
				GCC_DYNAMIC_NO_PIC = NO;
				GCC_OPTIMIZATION_LEVEL = 0;
				GCC_PREPROCESSOR_DEFINITIONS = (
					"DEBUG=1",
					"$(inherited)",
				);
				GCC_SYMBOLS_PRIVATE_EXTERN = NO;
				GCC_WARN_64_TO_32_BIT_CONVERSION = YES;
				GCC_WARN_ABOUT_RETURN_TYPE = YES_ERROR;
				GCC_WARN_UNDECLARED_SELECTOR = YES;
				GCC_WARN_UNINITIALIZED_AUTOS = YES_AGGRESSIVE;
				GCC_WARN_UNUSED_FUNCTION = YES;
				GCC_WARN_UNUSED_VARIABLE = YES;
				IPHONEOS_DEPLOYMENT_TARGET = 8.1;
				MTL_ENABLE_DEBUG_INFO = YES;
				ONLY_ACTIVE_ARCH = YES;
				SDKROOT = iphoneos;
				TARGETED_DEVICE_FAMILY = "1,2";
			};
			name = Debug;
		};
		111FE0551A6E72E7007DA85D /* Release */ = {
			isa = XCBuildConfiguration;
			buildSettings = {
				ALWAYS_SEARCH_USER_PATHS = NO;
				CLANG_CXX_LANGUAGE_STANDARD = "gnu++0x";
				CLANG_CXX_LIBRARY = "libc++";
				CLANG_ENABLE_MODULES = YES;
				CLANG_ENABLE_OBJC_ARC = YES;
				CLANG_WARN_BOOL_CONVERSION = YES;
				CLANG_WARN_CONSTANT_CONVERSION = YES;
				CLANG_WARN_DIRECT_OBJC_ISA_USAGE = YES_ERROR;
				CLANG_WARN_EMPTY_BODY = YES;
				CLANG_WARN_ENUM_CONVERSION = YES;
				CLANG_WARN_INT_CONVERSION = YES;
				CLANG_WARN_OBJC_ROOT_CLASS = YES_ERROR;
				CLANG_WARN_UNREACHABLE_CODE = YES;
				CLANG_WARN__DUPLICATE_METHOD_MATCH = YES;
				"CODE_SIGN_IDENTITY[sdk=iphoneos*]" = "iPhone Developer";
				COPY_PHASE_STRIP = YES;
				ENABLE_NS_ASSERTIONS = NO;
				ENABLE_STRICT_OBJC_MSGSEND = YES;
				GCC_C_LANGUAGE_STANDARD = gnu99;
				GCC_WARN_64_TO_32_BIT_CONVERSION = YES;
				GCC_WARN_ABOUT_RETURN_TYPE = YES_ERROR;
				GCC_WARN_UNDECLARED_SELECTOR = YES;
				GCC_WARN_UNINITIALIZED_AUTOS = YES_AGGRESSIVE;
				GCC_WARN_UNUSED_FUNCTION = YES;
				GCC_WARN_UNUSED_VARIABLE = YES;
				IPHONEOS_DEPLOYMENT_TARGET = 8.1;
				MTL_ENABLE_DEBUG_INFO = NO;
				SDKROOT = iphoneos;
				TARGETED_DEVICE_FAMILY = "1,2";
				VALIDATE_PRODUCT = YES;
			};
			name = Release;
		};
		111FE0571A6E72E7007DA85D /* Debug */ = {
			isa = XCBuildConfiguration;
			buildSettings = {
				ASSETCATALOG_COMPILER_APPICON_NAME = AppIcon;
				INFOPLIST_FILE = "Designable example/Info.plist";
				LD_RUNPATH_SEARCH_PATHS = "$(inherited) @executable_path/Frameworks";
				PRODUCT_NAME = "$(TARGET_NAME)";
			};
			name = Debug;
		};
		111FE0581A6E72E7007DA85D /* Release */ = {
			isa = XCBuildConfiguration;
			buildSettings = {
				ASSETCATALOG_COMPILER_APPICON_NAME = AppIcon;
				INFOPLIST_FILE = "Designable example/Info.plist";
				LD_RUNPATH_SEARCH_PATHS = "$(inherited) @executable_path/Frameworks";
				PRODUCT_NAME = "$(TARGET_NAME)";
			};
			name = Release;
		};
		111FE05A1A6E72E7007DA85D /* Debug */ = {
			isa = XCBuildConfiguration;
			buildSettings = {
				BUNDLE_LOADER = "$(TEST_HOST)";
				FRAMEWORK_SEARCH_PATHS = (
					"$(SDKROOT)/Developer/Library/Frameworks",
					"$(inherited)",
				);
				GCC_PREPROCESSOR_DEFINITIONS = (
					"DEBUG=1",
					"$(inherited)",
				);
				INFOPLIST_FILE = "Designable exampleTests/Info.plist";
				LD_RUNPATH_SEARCH_PATHS = "$(inherited) @executable_path/Frameworks @loader_path/Frameworks";
				PRODUCT_NAME = "$(TARGET_NAME)";
				TEST_HOST = "$(BUILT_PRODUCTS_DIR)/Designable example.app/Designable example";
			};
			name = Debug;
		};
		111FE05B1A6E72E7007DA85D /* Release */ = {
			isa = XCBuildConfiguration;
			buildSettings = {
				BUNDLE_LOADER = "$(TEST_HOST)";
				FRAMEWORK_SEARCH_PATHS = (
					"$(SDKROOT)/Developer/Library/Frameworks",
					"$(inherited)",
				);
				INFOPLIST_FILE = "Designable exampleTests/Info.plist";
				LD_RUNPATH_SEARCH_PATHS = "$(inherited) @executable_path/Frameworks @loader_path/Frameworks";
				PRODUCT_NAME = "$(TARGET_NAME)";
				TEST_HOST = "$(BUILT_PRODUCTS_DIR)/Designable example.app/Designable example";
			};
			name = Release;
		};
/* End XCBuildConfiguration section */

/* Begin XCConfigurationList section */
		111FE02B1A6E72E7007DA85D /* Build configuration list for PBXProject "Designable example" */ = {
			isa = XCConfigurationList;
			buildConfigurations = (
				111FE0541A6E72E7007DA85D /* Debug */,
				111FE0551A6E72E7007DA85D /* Release */,
			);
			defaultConfigurationIsVisible = 0;
			defaultConfigurationName = Release;
		};
		111FE0561A6E72E7007DA85D /* Build configuration list for PBXNativeTarget "Designable example" */ = {
			isa = XCConfigurationList;
			buildConfigurations = (
				111FE0571A6E72E7007DA85D /* Debug */,
				111FE0581A6E72E7007DA85D /* Release */,
			);
			defaultConfigurationIsVisible = 0;
		};
		111FE0591A6E72E7007DA85D /* Build configuration list for PBXNativeTarget "Designable exampleTests" */ = {
			isa = XCConfigurationList;
			buildConfigurations = (
				111FE05A1A6E72E7007DA85D /* Debug */,
				111FE05B1A6E72E7007DA85D /* Release */,
			);
			defaultConfigurationIsVisible = 0;
		};
/* End XCConfigurationList section */
	};
	rootObject = 111FE0281A6E72E7007DA85D /* Project object */;
}
